
Microsoft Visual Studio Solution File, Format Version 12.00
# Visual Studio Version 17
VisualStudioVersion = 17.4.33403.182
MinimumVisualStudioVersion = 10.0.40219.1
Project("{9A19103F-16F7-4668-BE54-9A1E7A4F7556}") = "LemonadeStand", "LemonadeStand.csproj", "{DC9242FE-CD18-42E1-BE8E-641CB3B8938A}"
EndProject
Global
	GlobalSection(SolutionConfigurationPlatforms) = preSolution
		Debug|Any CPU = Debug|Any CPU
		Release|Any CPU = Release|Any CPU
	EndGlobalSection
	GlobalSection(ProjectConfigurationPlatforms) = postSolution
		{DC9242FE-CD18-42E1-BE8E-641CB3B8938A}.Debug|Any CPU.ActiveCfg = Debug|Any CPU
		{DC9242FE-CD18-42E1-BE8E-641CB3B8938A}.Debug|Any CPU.Build.0 = Debug|Any CPU
		{DC9242FE-CD18-42E1-BE8E-641CB3B8938A}.Release|Any CPU.ActiveCfg = Release|Any CPU
		{DC9242FE-CD18-42E1-BE8E-641CB3B8938A}.Release|Any CPU.Build.0 = Release|Any CPU
	EndGlobalSection
	GlobalSection(SolutionProperties) = preSolution
		HideSolutionNode = FALSE
	EndGlobalSection
	GlobalSection(ExtensibilityGlobals) = postSolution
		SolutionGuid = {A5CEC23F-2364-47C2-8FB1-3F15A8554071}
	EndGlobalSection
EndGlobal
